
Microsoft Visual Studio Solution File, Format Version 12.00
# Visual Studio 15
VisualStudioVersion = 15.0.34112.143
MinimumVisualStudioVersion = 10.0.40219.1
Project("{8BC9CEB8-8B4A-11D0-8D11-00A0C91BC942}") = "P19", "P19\P19.vcxproj", "{3DE1905F-B143-41A0-9086-B342469F4F06}"
EndProject
Global
	GlobalSection(SolutionConfigurationPlatforms) = preSolution
		Debug|x64 = Debug|x64
		Debug|x86 = Debug|x86
		Release|x64 = Release|x64
		Release|x86 = Release|x86
	EndGlobalSection
	GlobalSection(ProjectConfigurationPlatforms) = postSolution
		{3DE1905F-B143-41A0-9086-B342469F4F06}.Debug|x64.ActiveCfg = Debug|x64
		{3DE1905F-B143-41A0-9086-B342469F4F06}.Debug|x64.Build.0 = Debug|x64
		{3DE1905F-B143-41A0-9086-B342469F4F06}.Debug|x86.ActiveCfg = Debug|Win32
		{3DE1905F-B143-41A0-9086-B342469F4F06}.Debug|x86.Build.0 = Debug|Win32
		{3DE1905F-B143-41A0-9086-B342469F4F06}.Release|x64.ActiveCfg = Release|x64
		{3DE1905F-B143-41A0-9086-B342469F4F06}.Release|x64.Build.0 = Release|x64
		{3DE1905F-B143-41A0-9086-B342469F4F06}.Release|x86.ActiveCfg = Release|Win32
		{3DE1905F-B143-41A0-9086-B342469F4F06}.Release|x86.Build.0 = Release|Win32
	EndGlobalSection
	GlobalSection(SolutionProperties) = preSolution
		HideSolutionNode = FALSE
	EndGlobalSection
	GlobalSection(ExtensibilityGlobals) = postSolution
		SolutionGuid = {BD266615-791E-4AEE-B982-B6B8526204C9}
	EndGlobalSection
EndGlobal
