
Microsoft Visual Studio Solution File, Format Version 12.00
# Visual Studio 15
VisualStudioVersion = 15.0.34112.143
MinimumVisualStudioVersion = 10.0.40219.1
Project("{8BC9CEB8-8B4A-11D0-8D11-00A0C91BC942}") = "P7", "P7\P7.vcxproj", "{AA2A56F1-2CD2-4680-9295-778E80938858}"
EndProject
Global
	GlobalSection(SolutionConfigurationPlatforms) = preSolution
		Debug|x64 = Debug|x64
		Debug|x86 = Debug|x86
		Release|x64 = Release|x64
		Release|x86 = Release|x86
	EndGlobalSection
	GlobalSection(ProjectConfigurationPlatforms) = postSolution
		{AA2A56F1-2CD2-4680-9295-778E80938858}.Debug|x64.ActiveCfg = Debug|x64
		{AA2A56F1-2CD2-4680-9295-778E80938858}.Debug|x64.Build.0 = Debug|x64
		{AA2A56F1-2CD2-4680-9295-778E80938858}.Debug|x86.ActiveCfg = Debug|Win32
		{AA2A56F1-2CD2-4680-9295-778E80938858}.Debug|x86.Build.0 = Debug|Win32
		{AA2A56F1-2CD2-4680-9295-778E80938858}.Release|x64.ActiveCfg = Release|x64
		{AA2A56F1-2CD2-4680-9295-778E80938858}.Release|x64.Build.0 = Release|x64
		{AA2A56F1-2CD2-4680-9295-778E80938858}.Release|x86.ActiveCfg = Release|Win32
		{AA2A56F1-2CD2-4680-9295-778E80938858}.Release|x86.Build.0 = Release|Win32
	EndGlobalSection
	GlobalSection(SolutionProperties) = preSolution
		HideSolutionNode = FALSE
	EndGlobalSection
	GlobalSection(ExtensibilityGlobals) = postSolution
		SolutionGuid = {F68812DB-E625-4126-85D0-B908EA15F807}
	EndGlobalSection
EndGlobal
